
Microsoft Visual Studio Solution File, Format Version 12.00
# Visual Studio Version 16
VisualStudioVersion = 16.0.30804.86
MinimumVisualStudioVersion = 10.0.40219.1
Project("{FAE04EC0-301F-11D3-BF4B-00C04F79EFBC}") = "EventosWebApi_v1", "EventosWebApi_v1.csproj", "{EAB58338-C0B5-4B61-A21E-6C734FCBF4B5}"
EndProject
Global
	GlobalSection(SolutionConfigurationPlatforms) = preSolution
		Debug|Any CPU = Debug|Any CPU
		Release|Any CPU = Release|Any CPU
	EndGlobalSection
	GlobalSection(ProjectConfigurationPlatforms) = postSolution
		{EAB58338-C0B5-4B61-A21E-6C734FCBF4B5}.Debug|Any CPU.ActiveCfg = Debug|Any CPU
		{EAB58338-C0B5-4B61-A21E-6C734FCBF4B5}.Debug|Any CPU.Build.0 = Debug|Any CPU
		{EAB58338-C0B5-4B61-A21E-6C734FCBF4B5}.Release|Any CPU.ActiveCfg = Release|Any CPU
		{EAB58338-C0B5-4B61-A21E-6C734FCBF4B5}.Release|Any CPU.Build.0 = Release|Any CPU
	EndGlobalSection
	GlobalSection(SolutionProperties) = preSolution
		HideSolutionNode = FALSE
	EndGlobalSection
	GlobalSection(ExtensibilityGlobals) = postSolution
		SolutionGuid = {242B2BD1-0680-4824-845D-32F13196C55B}
	EndGlobalSection
EndGlobal
